
Microsoft Visual Studio Solution File, Format Version 12.00
# Visual Studio 15
VisualStudioVersion = 15.0.27428.2015
MinimumVisualStudioVersion = 10.0.40219.1
Project("{2150E333-8FDC-42A3-9474-1A3956D46DE8}") = "src", "src", "{6B3018FD-0FB5-4B5C-BCDC-3DF57470FDAC}"
EndProject
Project("{FAE04EC0-301F-11D3-BF4B-00C04F79EFBC}") = "ClosedXML.TableReader", "src\ClosedXML.TrableReader\ClosedXML.TableReader.csproj", "{FFCA013F-65E1-4B09-9CA1-B78BB815E513}"
EndProject
Project("{2150E333-8FDC-42A3-9474-1A3956D46DE8}") = "ClosedXML.TrableReader", "ClosedXML.TrableReader", "{61D3B43B-5044-4364-B6A6-739A7B00316C}"
EndProject
Project("{2150E333-8FDC-42A3-9474-1A3956D46DE8}") = "docs", "docs", "{788460CA-19FC-4883-88BF-1480F4A68E2A}"
	ProjectSection(SolutionItems) = preProject
		docs\Notes.md = docs\Notes.md
	EndProjectSection
EndProject
Project("{2150E333-8FDC-42A3-9474-1A3956D46DE8}") = ".settings", ".settings", "{19F5D144-8ACA-4DF0-922B-A8BD05C4F5A2}"
	ProjectSection(SolutionItems) = preProject
		.gitattributes = .gitattributes
		.gitignore = .gitignore
		LICENSE = LICENSE
		README.md = README.md
	EndProjectSection
EndProject
Global
	GlobalSection(SolutionConfigurationPlatforms) = preSolution
		Debug|Any CPU = Debug|Any CPU
		Release|Any CPU = Release|Any CPU
	EndGlobalSection
	GlobalSection(ProjectConfigurationPlatforms) = postSolution
		{FFCA013F-65E1-4B09-9CA1-B78BB815E513}.Debug|Any CPU.ActiveCfg = Debug|Any CPU
		{FFCA013F-65E1-4B09-9CA1-B78BB815E513}.Debug|Any CPU.Build.0 = Debug|Any CPU
		{FFCA013F-65E1-4B09-9CA1-B78BB815E513}.Release|Any CPU.ActiveCfg = Release|Any CPU
		{FFCA013F-65E1-4B09-9CA1-B78BB815E513}.Release|Any CPU.Build.0 = Release|Any CPU
	EndGlobalSection
	GlobalSection(SolutionProperties) = preSolution
		HideSolutionNode = FALSE
	EndGlobalSection
	GlobalSection(NestedProjects) = preSolution
		{FFCA013F-65E1-4B09-9CA1-B78BB815E513} = {61D3B43B-5044-4364-B6A6-739A7B00316C}
		{61D3B43B-5044-4364-B6A6-739A7B00316C} = {6B3018FD-0FB5-4B5C-BCDC-3DF57470FDAC}
	EndGlobalSection
	GlobalSection(ExtensibilityGlobals) = postSolution
		SolutionGuid = {497ADF93-475B-4051-9E75-34F2642292C7}
	EndGlobalSection
EndGlobal
