
Microsoft Visual Studio Solution File, Format Version 12.00
#  Visual Studio 15
VisualStudioVersion = 15.0.27428.2015
MinimumVisualStudioVersion = 10.0.40219.1
Project("{2150E333-8FDC-42A3-9474-1A3956D46DE8}") = "src", "src", "{6B3018FD-0FB5-4B5C-BCDC-3DF57470FDAC}"
EndProject
Project("{2150E333-8FDC-42A3-9474-1A3956D46DE8}") = "ClosedXML.TrableReader", "ClosedXML.TrableReader", "{61D3B43B-5044-4364-B6A6-739A7B00316C}"
EndProject
Project("{2150E333-8FDC-42A3-9474-1A3956D46DE8}") = "docs", "docs", "{788460CA-19FC-4883-88BF-1480F4A68E2A}"
	ProjectSection(SolutionItems) = preProject
		docs\Notes.md = docs\Notes.md
	EndProjectSection
EndProject
Project("{2150E333-8FDC-42A3-9474-1A3956D46DE8}") = ".settings", ".settings", "{19F5D144-8ACA-4DF0-922B-A8BD05C4F5A2}"
	ProjectSection(SolutionItems) = preProject
		.editorconfig = .editorconfig
		.gitattributes = .gitattributes
		.gitignore = .gitignore
		LICENSE = LICENSE
		README.md = README.md
	EndProjectSection
EndProject
Project("{2150E333-8FDC-42A3-9474-1A3956D46DE8}") = "samples", "samples", "{A2BADE48-BF14-4A99-B18A-DCE8748D38AB}"
EndProject
Project("{FAE04EC0-301F-11D3-BF4B-00C04F79EFBC}") = "Net.Core.Sample", "samples\Net.Core.Sample\Net.Core.Sample.csproj", "{DCE9FFEE-3683-4054-908E-406BC285DFE4}"
EndProject
Project("{FAE04EC0-301F-11D3-BF4B-00C04F79EFBC}") = "ClassicWinFormsApplication", "samples\ClassicWinFormsApplication\ClassicWinFormsApplication.csproj", "{C47ECD2A-2E6C-4EF5-8FD3-660BDFC3548A}"
EndProject
Project("{9A19103F-16F7-4668-BE54-9A1E7A4F7556}") = "ClosedXML.TableReader", "src\ClosedXML.TableReader\ClosedXML.TableReader.csproj", "{E016F8B1-FB18-4E00-A476-6B5CA0EFB01A}"
EndProject
Global
	GlobalSection(SolutionConfigurationPlatforms) = preSolution
		Debug|Any CPU = Debug|Any CPU
		Release|Any CPU = Release|Any CPU
	EndGlobalSection
	GlobalSection(ProjectConfigurationPlatforms) = postSolution
		{DCE9FFEE-3683-4054-908E-406BC285DFE4}.Debug|Any CPU.ActiveCfg = Debug|Any CPU
		{DCE9FFEE-3683-4054-908E-406BC285DFE4}.Debug|Any CPU.Build.0 = Debug|Any CPU
		{DCE9FFEE-3683-4054-908E-406BC285DFE4}.Release|Any CPU.ActiveCfg = Release|Any CPU
		{DCE9FFEE-3683-4054-908E-406BC285DFE4}.Release|Any CPU.Build.0 = Release|Any CPU
		{C47ECD2A-2E6C-4EF5-8FD3-660BDFC3548A}.Debug|Any CPU.ActiveCfg = Debug|Any CPU
		{C47ECD2A-2E6C-4EF5-8FD3-660BDFC3548A}.Debug|Any CPU.Build.0 = Debug|Any CPU
		{C47ECD2A-2E6C-4EF5-8FD3-660BDFC3548A}.Release|Any CPU.ActiveCfg = Release|Any CPU
		{C47ECD2A-2E6C-4EF5-8FD3-660BDFC3548A}.Release|Any CPU.Build.0 = Release|Any CPU
		{E016F8B1-FB18-4E00-A476-6B5CA0EFB01A}.Debug|Any CPU.ActiveCfg = Debug|Any CPU
		{E016F8B1-FB18-4E00-A476-6B5CA0EFB01A}.Debug|Any CPU.Build.0 = Debug|Any CPU
		{E016F8B1-FB18-4E00-A476-6B5CA0EFB01A}.Release|Any CPU.ActiveCfg = Release|Any CPU
		{E016F8B1-FB18-4E00-A476-6B5CA0EFB01A}.Release|Any CPU.Build.0 = Release|Any CPU
	EndGlobalSection
	GlobalSection(SolutionProperties) = preSolution
		HideSolutionNode = FALSE
	EndGlobalSection
	GlobalSection(NestedProjects) = preSolution
		{61D3B43B-5044-4364-B6A6-739A7B00316C} = {6B3018FD-0FB5-4B5C-BCDC-3DF57470FDAC}
		{DCE9FFEE-3683-4054-908E-406BC285DFE4} = {A2BADE48-BF14-4A99-B18A-DCE8748D38AB}
		{C47ECD2A-2E6C-4EF5-8FD3-660BDFC3548A} = {A2BADE48-BF14-4A99-B18A-DCE8748D38AB}
		{E016F8B1-FB18-4E00-A476-6B5CA0EFB01A} = {61D3B43B-5044-4364-B6A6-739A7B00316C}
	EndGlobalSection
	GlobalSection(ExtensibilityGlobals) = postSolution
		SolutionGuid = {497ADF93-475B-4051-9E75-34F2642292C7}
	EndGlobalSection
EndGlobal
