
Microsoft Visual Studio Solution File, Format Version 12.00
# Visual Studio Version 17
VisualStudioVersion = 17.12.35424.110 d17.12
MinimumVisualStudioVersion = 10.0.40219.1
Project("{2150E333-8FDC-42A3-9474-1A3956D46DE8}") = "src", "src", "{6B3018FD-0FB5-4B5C-BCDC-3DF57470FDAC}"
EndProject
Project("{2150E333-8FDC-42A3-9474-1A3956D46DE8}") = "docs", "docs", "{788460CA-19FC-4883-88BF-1480F4A68E2A}"
	ProjectSection(SolutionItems) = preProject
		docs\Notes.md = docs\Notes.md
	EndProjectSection
EndProject
Project("{2150E333-8FDC-42A3-9474-1A3956D46DE8}") = ".settings", ".settings", "{19F5D144-8ACA-4DF0-922B-A8BD05C4F5A2}"
	ProjectSection(SolutionItems) = preProject
		.editorconfig = .editorconfig
		.gitattributes = .gitattributes
		.gitignore = .gitignore
		Directory.Build.props = Directory.Build.props
		Directory.Packages.props = Directory.Packages.props
		LICENSE = LICENSE
		README.md = README.md
	EndProjectSection
EndProject
Project("{2150E333-8FDC-42A3-9474-1A3956D46DE8}") = "samples", "samples", "{A2BADE48-BF14-4A99-B18A-DCE8748D38AB}"
EndProject
Project("{9A19103F-16F7-4668-BE54-9A1E7A4F7556}") = "Net.Core.Sample", "samples\Net.Core.Sample\Net.Core.Sample.csproj", "{DCE9FFEE-3683-4054-908E-406BC285DFE4}"
EndProject
Project("{9A19103F-16F7-4668-BE54-9A1E7A4F7556}") = "ClosedXML.TableReader", "src\ClosedXML.TableReader\ClosedXML.TableReader.csproj", "{E016F8B1-FB18-4E00-A476-6B5CA0EFB01A}"
EndProject
Project("{2150E333-8FDC-42A3-9474-1A3956D46DE8}") = "test", "test", "{CF6F308B-90E6-46C9-98E7-2D494ED307DB}"
EndProject
Project("{9A19103F-16F7-4668-BE54-9A1E7A4F7556}") = "ClosedXML.TableReader.Test", "tests\ClosedXML.TableReader.Test\ClosedXML.TableReader.Test.csproj", "{19E0026C-521B-4F0B-8D54-BE62F265ACE1}"
EndProject
Project("{2150E333-8FDC-42A3-9474-1A3956D46DE8}") = ".github", ".github", "{F156968C-08CF-4FA4-B59D-3E20762DE73F}"
EndProject
Project("{2150E333-8FDC-42A3-9474-1A3956D46DE8}") = "workflows", "workflows", "{520B078F-4018-493D-90B3-C1C4F23DE1CD}"
	ProjectSection(SolutionItems) = preProject
		.github\workflows\ci-windows.yml = .github\workflows\ci-windows.yml
		.github\workflows\ci.yml = .github\workflows\ci.yml
		.github\workflows\nuget.yml = .github\workflows\nuget.yml
	EndProjectSection
EndProject
Global
	GlobalSection(SolutionConfigurationPlatforms) = preSolution
		Debug|Any CPU = Debug|Any CPU
		Release|Any CPU = Release|Any CPU
	EndGlobalSection
	GlobalSection(ProjectConfigurationPlatforms) = postSolution
		{DCE9FFEE-3683-4054-908E-406BC285DFE4}.Debug|Any CPU.ActiveCfg = Debug|Any CPU
		{DCE9FFEE-3683-4054-908E-406BC285DFE4}.Debug|Any CPU.Build.0 = Debug|Any CPU
		{DCE9FFEE-3683-4054-908E-406BC285DFE4}.Release|Any CPU.ActiveCfg = Release|Any CPU
		{DCE9FFEE-3683-4054-908E-406BC285DFE4}.Release|Any CPU.Build.0 = Release|Any CPU
		{E016F8B1-FB18-4E00-A476-6B5CA0EFB01A}.Debug|Any CPU.ActiveCfg = Debug|Any CPU
		{E016F8B1-FB18-4E00-A476-6B5CA0EFB01A}.Debug|Any CPU.Build.0 = Debug|Any CPU
		{E016F8B1-FB18-4E00-A476-6B5CA0EFB01A}.Release|Any CPU.ActiveCfg = Release|Any CPU
		{E016F8B1-FB18-4E00-A476-6B5CA0EFB01A}.Release|Any CPU.Build.0 = Release|Any CPU
		{19E0026C-521B-4F0B-8D54-BE62F265ACE1}.Debug|Any CPU.ActiveCfg = Debug|Any CPU
		{19E0026C-521B-4F0B-8D54-BE62F265ACE1}.Debug|Any CPU.Build.0 = Debug|Any CPU
		{19E0026C-521B-4F0B-8D54-BE62F265ACE1}.Release|Any CPU.ActiveCfg = Release|Any CPU
		{19E0026C-521B-4F0B-8D54-BE62F265ACE1}.Release|Any CPU.Build.0 = Release|Any CPU
	EndGlobalSection
	GlobalSection(SolutionProperties) = preSolution
		HideSolutionNode = FALSE
	EndGlobalSection
	GlobalSection(NestedProjects) = preSolution
		{DCE9FFEE-3683-4054-908E-406BC285DFE4} = {A2BADE48-BF14-4A99-B18A-DCE8748D38AB}
		{E016F8B1-FB18-4E00-A476-6B5CA0EFB01A} = {6B3018FD-0FB5-4B5C-BCDC-3DF57470FDAC}
		{19E0026C-521B-4F0B-8D54-BE62F265ACE1} = {CF6F308B-90E6-46C9-98E7-2D494ED307DB}
		{520B078F-4018-493D-90B3-C1C4F23DE1CD} = {F156968C-08CF-4FA4-B59D-3E20762DE73F}
	EndGlobalSection
	GlobalSection(ExtensibilityGlobals) = postSolution
		SolutionGuid = {497ADF93-475B-4051-9E75-34F2642292C7}
	EndGlobalSection
EndGlobal
